# This file is automatically @generated by Cargo.
# It is not intended for manual editing.
[[package]]
name = "day09"
version = "0.1.0"
dependencies = [
 "icc 0.1.0",
 "loader 0.1.0",
 "mathy 0.1.0",
]

[[package]]
name = "icc"
version = "0.1.0"
dependencies = [
 "loader 0.1.0",
]

[[package]]
name = "loader"
version = "0.1.0"

[[package]]
name = "mathy"
version = "0.1.0"

