# This file is automatically @generated by Cargo.
# It is not intended for manual editing.
[[package]]
name = "aoc"
version = "0.1.0"
dependencies = [
 "day01 0.1.0",
 "day02 0.1.0",
 "day03 0.1.0",
 "day04 0.1.0",
 "day05 0.1.0",
 "day06 0.1.0",
 "day07 0.1.0",
 "day08 0.1.0",
]

[[package]]
name = "day01"
version = "0.1.0"
dependencies = [
 "loader 0.1.0",
]

[[package]]
name = "day02"
version = "0.1.0"
dependencies = [
 "icc 0.1.0",
 "loader 0.1.0",
]

[[package]]
name = "day03"
version = "0.1.0"
dependencies = [
 "wire 0.1.0",
]

[[package]]
name = "day04"
version = "0.1.0"

[[package]]
name = "day05"
version = "0.1.0"
dependencies = [
 "icc 0.1.0",
 "loader 0.1.0",
]

[[package]]
name = "day06"
version = "0.1.0"
dependencies = [
 "loader 0.1.0",
]

[[package]]
name = "day07"
version = "0.1.0"
dependencies = [
 "icc 0.1.0",
 "loader 0.1.0",
 "mathy 0.1.0",
]

[[package]]
name = "day08"
version = "0.1.0"
dependencies = [
 "loader 0.1.0",
 "mathy 0.1.0",
]

[[package]]
name = "icc"
version = "0.1.0"
dependencies = [
 "loader 0.1.0",
]

[[package]]
name = "loader"
version = "0.1.0"

[[package]]
name = "mathy"
version = "0.1.0"

[[package]]
name = "wire"
version = "0.1.0"
dependencies = [
 "loader 0.1.0",
]

